
Microsoft Visual Studio Solution File, Format Version 12.00
# Visual Studio Version 17
VisualStudioVersion = 17.4.33122.133
MinimumVisualStudioVersion = 10.0.40219.1
Project("{FAE04EC0-301F-11D3-BF4B-00C04F79EFBC}") = "MagicVilla_VillaAPI", "MagicVilla_VillaAPI\MagicVilla_VillaAPI.csproj", "{F48EFDC8-7502-4358-96A1-6B12C3E6E291}"
EndProject
Global
	GlobalSection(SolutionConfigurationPlatforms) = preSolution
		Debug|Any CPU = Debug|Any CPU
		Release|Any CPU = Release|Any CPU
	EndGlobalSection
	GlobalSection(ProjectConfigurationPlatforms) = postSolution
		{F48EFDC8-7502-4358-96A1-6B12C3E6E291}.Debug|Any CPU.ActiveCfg = Debug|Any CPU
		{F48EFDC8-7502-4358-96A1-6B12C3E6E291}.Debug|Any CPU.Build.0 = Debug|Any CPU
		{F48EFDC8-7502-4358-96A1-6B12C3E6E291}.Release|Any CPU.ActiveCfg = Release|Any CPU
		{F48EFDC8-7502-4358-96A1-6B12C3E6E291}.Release|Any CPU.Build.0 = Release|Any CPU
	EndGlobalSection
	GlobalSection(SolutionProperties) = preSolution
		HideSolutionNode = FALSE
	EndGlobalSection
	GlobalSection(ExtensibilityGlobals) = postSolution
		SolutionGuid = {D6A0CB71-1A8D-4A52-A3F9-5D1DA60D7E7E}
	EndGlobalSection
EndGlobal
